
Microsoft Visual Studio Solution File, Format Version 12.00
# Visual Studio 15
VisualStudioVersion = 15.0.28307.168
MinimumVisualStudioVersion = 10.0.40219.1
Project("{151D2E53-A2C4-4D7D-83FE-D05416EBD58E}") = "AzurePAW-DNSServer", "AzurePAW-DNSServer\AzurePAW-DNSServer.deployproj", "{FA2B3837-D1D0-4F87-9101-BFBE8F4CDD86}"
EndProject
Global
	GlobalSection(SolutionConfigurationPlatforms) = preSolution
		Debug|Any CPU = Debug|Any CPU
		Release|Any CPU = Release|Any CPU
	EndGlobalSection
	GlobalSection(ProjectConfigurationPlatforms) = postSolution
		{FA2B3837-D1D0-4F87-9101-BFBE8F4CDD86}.Debug|Any CPU.ActiveCfg = Debug|Any CPU
		{FA2B3837-D1D0-4F87-9101-BFBE8F4CDD86}.Debug|Any CPU.Build.0 = Debug|Any CPU
		{FA2B3837-D1D0-4F87-9101-BFBE8F4CDD86}.Release|Any CPU.ActiveCfg = Release|Any CPU
		{FA2B3837-D1D0-4F87-9101-BFBE8F4CDD86}.Release|Any CPU.Build.0 = Release|Any CPU
	EndGlobalSection
	GlobalSection(SolutionProperties) = preSolution
		HideSolutionNode = FALSE
	EndGlobalSection
	GlobalSection(ExtensibilityGlobals) = postSolution
		SolutionGuid = {B6245223-62C5-4384-9C35-4E79D7C80527}
	EndGlobalSection
EndGlobal
